
Microsoft Visual Studio Solution File, Format Version 12.00
# Visual Studio Version 16
VisualStudioVersion = 16.0.30104.148
MinimumVisualStudioVersion = 10.0.40219.1
Project("{FAE04EC0-301F-11D3-BF4B-00C04F79EFBC}") = "Solemn3", "Solemn3.csproj", "{F61680A9-0201-4932-8E5D-81BAB38512DD}"
EndProject
Global
	GlobalSection(SolutionConfigurationPlatforms) = preSolution
		Debug|Any CPU = Debug|Any CPU
		Release|Any CPU = Release|Any CPU
	EndGlobalSection
	GlobalSection(ProjectConfigurationPlatforms) = postSolution
		{F61680A9-0201-4932-8E5D-81BAB38512DD}.Debug|Any CPU.ActiveCfg = Debug|Any CPU
		{F61680A9-0201-4932-8E5D-81BAB38512DD}.Debug|Any CPU.Build.0 = Debug|Any CPU
		{F61680A9-0201-4932-8E5D-81BAB38512DD}.Release|Any CPU.ActiveCfg = Release|Any CPU
		{F61680A9-0201-4932-8E5D-81BAB38512DD}.Release|Any CPU.Build.0 = Release|Any CPU
	EndGlobalSection
	GlobalSection(SolutionProperties) = preSolution
		HideSolutionNode = FALSE
	EndGlobalSection
	GlobalSection(ExtensibilityGlobals) = postSolution
		SolutionGuid = {676EA3E1-8735-41E7-8845-B36932A65F35}
	EndGlobalSection
EndGlobal
